
Microsoft Visual Studio Solution File, Format Version 12.00
# Visual Studio Version 17
VisualStudioVersion = 17.13.35931.197
MinimumVisualStudioVersion = 10.0.40219.1
Project("{FAE04EC0-301F-11D3-BF4B-00C04F79EFBC}") = "DemoBlazorMovil", "DemoBlazorMovil\DemoBlazorMovil.csproj", "{67B86C54-B0DC-4FFF-BA65-0570626EED77}"
EndProject
Project("{FAE04EC0-301F-11D3-BF4B-00C04F79EFBC}") = "DemoBlazorMovil.API", "DemoBlazorMovil.API\DemoBlazorMovil.API.csproj", "{7E05717C-6FD7-4105-B3D2-1CDE80CE8D99}"
EndProject
Project("{FAE04EC0-301F-11D3-BF4B-00C04F79EFBC}") = "DemoBlazorMovil.Shared", "DemoBlazorMovil.Shared\DemoBlazorMovil.Shared.csproj", "{7AFD5015-6BB1-468E-86F5-B801E3C5E762}"
EndProject
Global
	GlobalSection(SolutionConfigurationPlatforms) = preSolution
		Debug|Any CPU = Debug|Any CPU
		Release|Any CPU = Release|Any CPU
	EndGlobalSection
	GlobalSection(ProjectConfigurationPlatforms) = postSolution
		{67B86C54-B0DC-4FFF-BA65-0570626EED77}.Debug|Any CPU.ActiveCfg = Debug|Any CPU
		{67B86C54-B0DC-4FFF-BA65-0570626EED77}.Debug|Any CPU.Build.0 = Debug|Any CPU
		{67B86C54-B0DC-4FFF-BA65-0570626EED77}.Debug|Any CPU.Deploy.0 = Debug|Any CPU
		{67B86C54-B0DC-4FFF-BA65-0570626EED77}.Release|Any CPU.ActiveCfg = Release|Any CPU
		{67B86C54-B0DC-4FFF-BA65-0570626EED77}.Release|Any CPU.Build.0 = Release|Any CPU
		{7E05717C-6FD7-4105-B3D2-1CDE80CE8D99}.Debug|Any CPU.ActiveCfg = Debug|Any CPU
		{7E05717C-6FD7-4105-B3D2-1CDE80CE8D99}.Debug|Any CPU.Build.0 = Debug|Any CPU
		{7E05717C-6FD7-4105-B3D2-1CDE80CE8D99}.Release|Any CPU.ActiveCfg = Release|Any CPU
		{7E05717C-6FD7-4105-B3D2-1CDE80CE8D99}.Release|Any CPU.Build.0 = Release|Any CPU
		{7AFD5015-6BB1-468E-86F5-B801E3C5E762}.Debug|Any CPU.ActiveCfg = Debug|Any CPU
		{7AFD5015-6BB1-468E-86F5-B801E3C5E762}.Debug|Any CPU.Build.0 = Debug|Any CPU
		{7AFD5015-6BB1-468E-86F5-B801E3C5E762}.Release|Any CPU.ActiveCfg = Release|Any CPU
		{7AFD5015-6BB1-468E-86F5-B801E3C5E762}.Release|Any CPU.Build.0 = Release|Any CPU
	EndGlobalSection
	GlobalSection(SolutionProperties) = preSolution
		HideSolutionNode = FALSE
	EndGlobalSection
	GlobalSection(ExtensibilityGlobals) = postSolution
		SolutionGuid = {E8BBD7CA-8296-4FCF-8B03-AD2D1B62FC9B}
	EndGlobalSection
EndGlobal
